PODS:
  - RxSwift (6.0.0)
  - SwiftyJSON (4.3.0)

DEPENDENCIES:
  - RxSwift (= 6.0.0)
  - SwiftyJSON (~> 4.0)

SPEC REPOS:
  https://github.com/CocoaPods/Specs:
    - RxSwift
    - SwiftyJSON

SPEC CHECKSUMS:
  RxSwift: c14e798c59b9f6e9a2df8fd235602e85cc044295
  SwiftyJSON: 6faa0040f8b59dead0ee07436cbf76b73c08fd08

PODFILE CHECKSUM: 2f40fa6e00f4c19b3a5bb6364872af3a61c0bd33

COCOAPODS: 1.10.0
